
Microsoft Visual Studio Solution File, Format Version 12.00
# Visual Studio 15
VisualStudioVersion = 15.0.26124.0
MinimumVisualStudioVersion = 15.0.26124.0
Project("{FAE04EC0-301F-11D3-BF4B-00C04F79EFBC}") = "LibreriaComponenti.Host.BlazorWASM", "LibreriaComponenti.Host.BlazorWASM\LibreriaComponenti.Host.BlazorWASM.csproj", "{2AB13220-8C67-46C9-85E3-C47BF65F7AE1}"
EndProject
Project("{FAE04EC0-301F-11D3-BF4B-00C04F79EFBC}") = "LibreriaComponenti", "LibreriaComponenti\LibreriaComponenti.csproj", "{453F14BC-DFBA-42A3-A0C7-D190AE6A5FC0}"
EndProject
Global
	GlobalSection(SolutionConfigurationPlatforms) = preSolution
		Debug|Any CPU = Debug|Any CPU
		Debug|x64 = Debug|x64
		Debug|x86 = Debug|x86
		Release|Any CPU = Release|Any CPU
		Release|x64 = Release|x64
		Release|x86 = Release|x86
	EndGlobalSection
	GlobalSection(SolutionProperties) = preSolution
		HideSolutionNode = FALSE
	EndGlobalSection
	GlobalSection(ProjectConfigurationPlatforms) = postSolution
		{2AB13220-8C67-46C9-85E3-C47BF65F7AE1}.Debug|Any CPU.ActiveCfg = Debug|Any CPU
		{2AB13220-8C67-46C9-85E3-C47BF65F7AE1}.Debug|Any CPU.Build.0 = Debug|Any CPU
		{2AB13220-8C67-46C9-85E3-C47BF65F7AE1}.Debug|x64.ActiveCfg = Debug|Any CPU
		{2AB13220-8C67-46C9-85E3-C47BF65F7AE1}.Debug|x64.Build.0 = Debug|Any CPU
		{2AB13220-8C67-46C9-85E3-C47BF65F7AE1}.Debug|x86.ActiveCfg = Debug|Any CPU
		{2AB13220-8C67-46C9-85E3-C47BF65F7AE1}.Debug|x86.Build.0 = Debug|Any CPU
		{2AB13220-8C67-46C9-85E3-C47BF65F7AE1}.Release|Any CPU.ActiveCfg = Release|Any CPU
		{2AB13220-8C67-46C9-85E3-C47BF65F7AE1}.Release|Any CPU.Build.0 = Release|Any CPU
		{2AB13220-8C67-46C9-85E3-C47BF65F7AE1}.Release|x64.ActiveCfg = Release|Any CPU
		{2AB13220-8C67-46C9-85E3-C47BF65F7AE1}.Release|x64.Build.0 = Release|Any CPU
		{2AB13220-8C67-46C9-85E3-C47BF65F7AE1}.Release|x86.ActiveCfg = Release|Any CPU
		{2AB13220-8C67-46C9-85E3-C47BF65F7AE1}.Release|x86.Build.0 = Release|Any CPU
		{453F14BC-DFBA-42A3-A0C7-D190AE6A5FC0}.Debug|Any CPU.ActiveCfg = Debug|Any CPU
		{453F14BC-DFBA-42A3-A0C7-D190AE6A5FC0}.Debug|Any CPU.Build.0 = Debug|Any CPU
		{453F14BC-DFBA-42A3-A0C7-D190AE6A5FC0}.Debug|x64.ActiveCfg = Debug|Any CPU
		{453F14BC-DFBA-42A3-A0C7-D190AE6A5FC0}.Debug|x64.Build.0 = Debug|Any CPU
		{453F14BC-DFBA-42A3-A0C7-D190AE6A5FC0}.Debug|x86.ActiveCfg = Debug|Any CPU
		{453F14BC-DFBA-42A3-A0C7-D190AE6A5FC0}.Debug|x86.Build.0 = Debug|Any CPU
		{453F14BC-DFBA-42A3-A0C7-D190AE6A5FC0}.Release|Any CPU.ActiveCfg = Release|Any CPU
		{453F14BC-DFBA-42A3-A0C7-D190AE6A5FC0}.Release|Any CPU.Build.0 = Release|Any CPU
		{453F14BC-DFBA-42A3-A0C7-D190AE6A5FC0}.Release|x64.ActiveCfg = Release|Any CPU
		{453F14BC-DFBA-42A3-A0C7-D190AE6A5FC0}.Release|x64.Build.0 = Release|Any CPU
		{453F14BC-DFBA-42A3-A0C7-D190AE6A5FC0}.Release|x86.ActiveCfg = Release|Any CPU
		{453F14BC-DFBA-42A3-A0C7-D190AE6A5FC0}.Release|x86.Build.0 = Release|Any CPU
	EndGlobalSection
EndGlobal
